# THIS IS AN AUTOGENERATED FILE. DO NOT EDIT THIS FILE DIRECTLY.
# yarn lockfile v1


"@siimple/cli@^0.3.1":
  version "0.3.1"
  resolved "https://registry.yarnpkg.com/@siimple/cli/-/cli-0.3.1.tgz#937cd9d21d87ea17e5cb9516587e56d1032aac1b"
  integrity sha512-SMuWglwKpDX+xoiGdfxZcPki5VpN2ALDEUncjfoo2V59f+qC3l9fki3j8uLOImBwaIf8kZy6u3jfAbmJD4dJtQ==
  dependencies:
    "@siimple/core" "^0.3.1"
    "@siimple/modules" "^0.3.1"

"@siimple/colors@^0.3.1":
  version "0.3.1"
  resolved "https://registry.yarnpkg.com/@siimple/colors/-/colors-0.3.1.tgz#d3f017e0109189fa57b7e3a4423e081571541703"
  integrity sha512-pwjdA1lQquR8PP4glO9hcza4MTW1/5yLtslPCCxPqNZwanzuZD/fEk0z5KdrHKkfqNxjLGy/ocwKGHps/2WoXQ==

"@siimple/core@^0.3.1":
  version "0.3.1"
  resolved "https://registry.yarnpkg.com/@siimple/core/-/core-0.3.1.tgz#3ca11a2f39a0927257dd90ab20792e3e274430a9"
  integrity sha512-VwpdeCjDhK0FlTyhsP0akBkEg4fBREtv4afdgySjtGxie8Y0niEuCB5aiP313Qx1braev+JqESzNKG9+XO3dCA==

"@siimple/modules@^0.3.1":
  version "0.3.1"
  resolved "https://registry.yarnpkg.com/@siimple/modules/-/modules-0.3.1.tgz#a9b837568aa42c2535df40fb04690ca89f24d304"
  integrity sha512-H4xRtAvbiabEBZIo4JKtQtQStWYV2LiyMq27ZKNjic2cyzHZ/o3QEebaXFFgIZpOzGkiQEGLR7K41ObsPJmrAw==

"@siimple/postcss@^0.3.1":
  version "0.3.1"
  resolved "https://registry.yarnpkg.com/@siimple/postcss/-/postcss-0.3.1.tgz#6f3af8ffb3588b16ca583b040b5e5fbbe0f3a595"
  integrity sha512-CJ1yUbGfaNkrHKO65BiGK/sTsCHJtqqrR9CGkyXI8B3Pe/bfOF62m0o8T3KVKg1rDO8Iqch7XqCibNnmXtUu4A==
  dependencies:
    "@siimple/core" "^0.3.1"
    "@siimple/modules" "^0.3.1"

"@siimple/preset-base@^0.3.1":
  version "0.3.1"
  resolved "https://registry.yarnpkg.com/@siimple/preset-base/-/preset-base-0.3.1.tgz#2a8f0f03d77552248019c6284beaf37e38b623ca"
  integrity sha512-Rv3qvgLL3uaqunKLdrnOpaihSeuyyWPa675L5yjaVMFCaPgbFUKHeeQZt5GPAoKr6qJhxiBKOcz77IKZTJ28tw==
  dependencies:
    "@siimple/colors" "^0.3.1"

nanoid@^3.3.7:
  version "3.3.7"
  resolved "https://registry.yarnpkg.com/nanoid/-/nanoid-3.3.7.tgz#d0c301a691bc8d54efa0a2226ccf3fe2fd656bd8"
  integrity sha512-eSRppjcPIatRIMC1U6UngP8XFcz8MQWGQdt1MTBQ7NaAmvXDfvNxbvWV3x2y6CdEUciCSsDHDQZbhYaB8QEo2g==

picocolors@^1.0.0:
  version "1.0.0"
  resolved "https://registry.yarnpkg.com/picocolors/-/picocolors-1.0.0.tgz#cb5bdc74ff3f51892236eaf79d68bc44564ab81c"
  integrity sha512-1fygroTLlHu66zi26VoTDv8yRgm0Fccecssto+MhsZ0D/DGW2sm8E8AjW7NU5VVTRt5GxbeZ5qBuJr+HyLYkjQ==

postcss@^8.4.14:
  version "8.4.38"
  resolved "https://registry.yarnpkg.com/postcss/-/postcss-8.4.38.tgz#b387d533baf2054288e337066d81c6bee9db9e0e"
  integrity sha512-Wglpdk03BSfXkHoQa3b/oulrotAkwrlLDRSOb9D0bN86FdRyE9lppSp33aHNPgBa0JKCoB+drFLZkQoRRYae5A==
  dependencies:
    nanoid "^3.3.7"
    picocolors "^1.0.0"
    source-map-js "^1.2.0"

siimple@^4.3.1:
  version "4.3.1"
  resolved "https://registry.yarnpkg.com/siimple/-/siimple-4.3.1.tgz#02ec4f455a18083c4e7c65b424bcd4192351d46c"
  integrity sha512-rr5FmY4ASM6/V/hUo2phdmDxbYDoqxabmjothm04t/bV6EEX/hd4Pf5vfN9RwVzoOi4rce9/I1RUXTbmW404xw==
  dependencies:
    "@siimple/cli" "^0.3.1"
    "@siimple/core" "^0.3.1"
    "@siimple/modules" "^0.3.1"
    "@siimple/postcss" "^0.3.1"
    "@siimple/preset-base" "^0.3.1"
  optionalDependencies:
    postcss "^8.4.14"

source-map-js@^1.2.0:
  version "1.2.0"
  resolved "https://registry.yarnpkg.com/source-map-js/-/source-map-js-1.2.0.tgz#16b809c162517b5b8c3e7dcd315a2a5c2612b2af"
  integrity sha512-itJW8lvSA0TXEphiRoawsCksnlf8SyvmFzIhltqAHluXd88pkCd+cXJVHTDwdCr0IzwptSm035IHQktUu1QUMg==
